// !$*UTF8*$!
{
	archiveVersion = 1;
	classes = {
	};
	objectVersion = 50;
	objects = {

/* Begin PBXBuildFile section */
		29EA803C26209270000406AB /* AppDelegate.swift in Sources */ = {isa = PBXBuildFile; fileRef = 29EA803B26209270000406AB /* AppDelegate.swift */; };
		29EA803E26209270000406AB /* SceneDelegate.swift in Sources */ = {isa = PBXBuildFile; fileRef = 29EA803D26209270000406AB /* SceneDelegate.swift */; };
		29EA804026209270000406AB /* ViewController.swift in Sources */ = {isa = PBXBuildFile; fileRef = 29EA803F26209270000406AB /* ViewController.swift */; };
		29EA804326209270000406AB /* Main.storyboard in Resources */ = {isa = PBXBuildFile; fileRef = 29EA804126209270000406AB /* Main.storyboard */; };
		29EA804526209289000406AB /* Assets.xcassets in Resources */ = {isa = PBXBuildFile; fileRef = 29EA804426209289000406AB /* Assets.xcassets */; };
		29EA804826209289000406AB /* LaunchScreen.storyboard in Resources */ = {isa = PBXBuildFile; fileRef = 29EA804626209289000406AB /* LaunchScreen.storyboard */; };
		29EA805326209289000406AB /* TP2_Groupe_1Tests.swift in Sources */ = {isa = PBXBuildFile; fileRef = 29EA805226209289000406AB /* TP2_Groupe_1Tests.swift */; };
		29EA805E26209289000406AB /* TP2_Groupe_1UITests.swift in Sources */ = {isa = PBXBuildFile; fileRef = 29EA805D26209289000406AB /* TP2_Groupe_1UITests.swift */; };
		29EA8072262096F6000406AB /* CountriesTableViewController.swift in Sources */ = {isa = PBXBuildFile; fileRef = 29EA8071262096F6000406AB /* CountriesTableViewController.swift */; };
		29EA80782620A42B000406AB /* Country.swift in Sources */ = {isa = PBXBuildFile; fileRef = 29EA80772620A42B000406AB /* Country.swift */; };
		29EA80812620A4BB000406AB /* Countries.swift in Sources */ = {isa = PBXBuildFile; fileRef = 29EA80802620A4BB000406AB /* Countries.swift */; };
/* End PBXBuildFile section */

/* Begin PBXContainerItemProxy section */
		29EA804F26209289000406AB /* PBXContainerItemProxy */ = {
			isa = PBXContainerItemProxy;
			containerPortal = 29EA803026209270000406AB /* Project object */;
			proxyType = 1;
			remoteGlobalIDString = 29EA803726209270000406AB;
			remoteInfo = TP2_Groupe_1;
		};
		29EA805A26209289000406AB /* PBXContainerItemProxy */ = {
			isa = PBXContainerItemProxy;
			containerPortal = 29EA803026209270000406AB /* Project object */;
			proxyType = 1;
			remoteGlobalIDString = 29EA803726209270000406AB;
			remoteInfo = TP2_Groupe_1;
		};
/* End PBXContainerItemProxy section */

/* Begin PBXFileReference section */
		29EA803826209270000406AB /* TP2_Groupe_1.app */ = {isa = PBXFileReference; explicitFileType = wrapper.application; includeInIndex = 0; path = TP2_Groupe_1.app; sourceTree = BUILT_PRODUCTS_DIR; };
		29EA803B26209270000406AB /* AppDelegate.swift */ = {isa = PBXFileReference; lastKnownFileType = sourcecode.swift; path = AppDelegate.swift; sourceTree = "<group>"; };
		29EA803D26209270000406AB /* SceneDelegate.swift */ = {isa = PBXFileReference; lastKnownFileType = sourcecode.swift; path = SceneDelegate.swift; sourceTree = "<group>"; };
		29EA803F26209270000406AB /* ViewController.swift */ = {isa = PBXFileReference; lastKnownFileType = sourcecode.swift; path = ViewController.swift; sourceTree = "<group>"; };
		29EA804226209270000406AB /* Base */ = {isa = PBXFileReference; lastKnownFileType = file.storyboard; name = Base; path = Base.lproj/Main.storyboard; sourceTree = "<group>"; };
		29EA804426209289000406AB /* Assets.xcassets */ = {isa = PBXFileReference; lastKnownFileType = folder.assetcatalog; path = Assets.xcassets; sourceTree = "<group>"; };
		29EA804726209289000406AB /* Base */ = {isa = PBXFileReference; lastKnownFileType = file.storyboard; name = Base; path = Base.lproj/LaunchScreen.storyboard; sourceTree = "<group>"; };
		29EA804926209289000406AB /* Info.plist */ = {isa = PBXFileReference; lastKnownFileType = text.plist.xml; path = Info.plist; sourceTree = "<group>"; };
		29EA804E26209289000406AB /* TP2_Groupe_1Tests.xctest */ = {isa = PBXFileReference; explicitFileType = wrapper.cfbundle; includeInIndex = 0; path = TP2_Groupe_1Tests.xctest; sourceTree = BUILT_PRODUCTS_DIR; };
		29EA805226209289000406AB /* TP2_Groupe_1Tests.swift */ = {isa = PBXFileReference; lastKnownFileType = sourcecode.swift; path = TP2_Groupe_1Tests.swift; sourceTree = "<group>"; };
		29EA805426209289000406AB /* Info.plist */ = {isa = PBXFileReference; lastKnownFileType = text.plist.xml; path = Info.plist; sourceTree = "<group>"; };
		29EA805926209289000406AB /* TP2_Groupe_1UITests.xctest */ = {isa = PBXFileReference; explicitFileType = wrapper.cfbundle; includeInIndex = 0; path = TP2_Groupe_1UITests.xctest; sourceTree = BUILT_PRODUCTS_DIR; };
		29EA805D26209289000406AB /* TP2_Groupe_1UITests.swift */ = {isa = PBXFileReference; lastKnownFileType = sourcecode.swift; path = TP2_Groupe_1UITests.swift; sourceTree = "<group>"; };
		29EA805F26209289000406AB /* Info.plist */ = {isa = PBXFileReference; lastKnownFileType = text.plist.xml; path = Info.plist; sourceTree = "<group>"; };
		29EA8071262096F6000406AB /* CountriesTableViewController.swift */ = {isa = PBXFileReference; lastKnownFileType = sourcecode.swift; path = CountriesTableViewController.swift; sourceTree = "<group>"; };
		29EA80772620A42B000406AB /* Country.swift */ = {isa = PBXFileReference; lastKnownFileType = sourcecode.swift; path = Country.swift; sourceTree = "<group>"; };
		29EA80802620A4BB000406AB /* Countries.swift */ = {isa = PBXFileReference; lastKnownFileType = sourcecode.swift; path = Countries.swift; sourceTree = "<group>"; };
/* End PBXFileReference section */

/* Begin PBXFrameworksBuildPhase section */
		29EA803526209270000406AB /* Frameworks */ = {
			isa = PBXFrameworksBuildPhase;
			buildActionMask = 2147483647;
			files = (
			);
			runOnlyForDeploymentPostprocessing = 0;
		};
		29EA804B26209289000406AB /* Frameworks */ = {
			isa = PBXFrameworksBuildPhase;
			buildActionMask = 2147483647;
			files = (
			);
			runOnlyForDeploymentPostprocessing = 0;
		};
		29EA805626209289000406AB /* Frameworks */ = {
			isa = PBXFrameworksBuildPhase;
			buildActionMask = 2147483647;
			files = (
			);
			runOnlyForDeploymentPostprocessing = 0;
		};
/* End PBXFrameworksBuildPhase section */

/* Begin PBXGroup section */
		29EA802F26209270000406AB = {
			isa = PBXGroup;
			children = (
				29EA803A26209270000406AB /* TP2_Groupe_1 */,
				29EA805126209289000406AB /* TP2_Groupe_1Tests */,
				29EA805C26209289000406AB /* TP2_Groupe_1UITests */,
				29EA803926209270000406AB /* Products */,
			);
			sourceTree = "<group>";
		};
		29EA803926209270000406AB /* Products */ = {
			isa = PBXGroup;
			children = (
				29EA803826209270000406AB /* TP2_Groupe_1.app */,
				29EA804E26209289000406AB /* TP2_Groupe_1Tests.xctest */,
				29EA805926209289000406AB /* TP2_Groupe_1UITests.xctest */,
			);
			name = Products;
			sourceTree = "<group>";
		};
		29EA803A26209270000406AB /* TP2_Groupe_1 */ = {
			isa = PBXGroup;
			children = (
				29EA807F2620A46F000406AB /* data */,
				29EA80762620A3A1000406AB /* models */,
				29EA803B26209270000406AB /* AppDelegate.swift */,
				29EA803D26209270000406AB /* SceneDelegate.swift */,
				29EA803F26209270000406AB /* ViewController.swift */,
				29EA804126209270000406AB /* Main.storyboard */,
				29EA8071262096F6000406AB /* CountriesTableViewController.swift */,
				29EA804426209289000406AB /* Assets.xcassets */,
				29EA804626209289000406AB /* LaunchScreen.storyboard */,
				29EA804926209289000406AB /* Info.plist */,
			);
			path = TP2_Groupe_1;
			sourceTree = "<group>";
		};
		29EA805126209289000406AB /* TP2_Groupe_1Tests */ = {
			isa = PBXGroup;
			children = (
				29EA805226209289000406AB /* TP2_Groupe_1Tests.swift */,
				29EA805426209289000406AB /* Info.plist */,
			);
			path = TP2_Groupe_1Tests;
			sourceTree = "<group>";
		};
		29EA805C26209289000406AB /* TP2_Groupe_1UITests */ = {
			isa = PBXGroup;
			children = (
				29EA805D26209289000406AB /* TP2_Groupe_1UITests.swift */,
				29EA805F26209289000406AB /* Info.plist */,
			);
			path = TP2_Groupe_1UITests;
			sourceTree = "<group>";
		};
		29EA80762620A3A1000406AB /* models */ = {
			isa = PBXGroup;
			children = (
				29EA80772620A42B000406AB /* Country.swift */,
			);
			path = models;
			sourceTree = "<group>";
		};
		29EA807F2620A46F000406AB /* data */ = {
			isa = PBXGroup;
			children = (
				29EA80802620A4BB000406AB /* Countries.swift */,
			);
			path = data;
			sourceTree = "<group>";
		};
/* End PBXGroup section */

/* Begin PBXNativeTarget section */
		29EA803726209270000406AB /* TP2_Groupe_1 */ = {
			isa = PBXNativeTarget;
			buildConfigurationList = 29EA806226209289000406AB /* Build configuration list for PBXNativeTarget "TP2_Groupe_1" */;
			buildPhases = (
				29EA803426209270000406AB /* Sources */,
				29EA803526209270000406AB /* Frameworks */,
				29EA803626209270000406AB /* Resources */,
			);
			buildRules = (
			);
			dependencies = (
			);
			name = TP2_Groupe_1;
			productName = TP2_Groupe_1;
			productReference = 29EA803826209270000406AB /* TP2_Groupe_1.app */;
			productType = "com.apple.product-type.application";
		};
		29EA804D26209289000406AB /* TP2_Groupe_1Tests */ = {
			isa = PBXNativeTarget;
			buildConfigurationList = 29EA806526209289000406AB /* Build configuration list for PBXNativeTarget "TP2_Groupe_1Tests" */;
			buildPhases = (
				29EA804A26209289000406AB /* Sources */,
				29EA804B26209289000406AB /* Frameworks */,
				29EA804C26209289000406AB /* Resources */,
			);
			buildRules = (
			);
			dependencies = (
				29EA805026209289000406AB /* PBXTargetDependency */,
			);
			name = TP2_Groupe_1Tests;
			productName = TP2_Groupe_1Tests;
			productReference = 29EA804E26209289000406AB /* TP2_Groupe_1Tests.xctest */;
			productType = "com.apple.product-type.bundle.unit-test";
		};
		29EA805826209289000406AB /* TP2_Groupe_1UITests */ = {
			isa = PBXNativeTarget;
			buildConfigurationList = 29EA806826209289000406AB /* Build configuration list for PBXNativeTarget "TP2_Groupe_1UITests" */;
			buildPhases = (
				29EA805526209289000406AB /* Sources */,
				29EA805626209289000406AB /* Frameworks */,
				29EA805726209289000406AB /* Resources */,
			);
			buildRules = (
			);
			dependencies = (
				29EA805B26209289000406AB /* PBXTargetDependency */,
			);
			name = TP2_Groupe_1UITests;
			productName = TP2_Groupe_1UITests;
			productReference = 29EA805926209289000406AB /* TP2_Groupe_1UITests.xctest */;
			productType = "com.apple.product-type.bundle.ui-testing";
		};
/* End PBXNativeTarget section */

/* Begin PBXProject section */
		29EA803026209270000406AB /* Project object */ = {
			isa = PBXProject;
			attributes = {
				LastSwiftUpdateCheck = 1230;
				LastUpgradeCheck = 1230;
				TargetAttributes = {
					29EA803726209270000406AB = {
						CreatedOnToolsVersion = 12.3;
					};
					29EA804D26209289000406AB = {
						CreatedOnToolsVersion = 12.3;
						TestTargetID = 29EA803726209270000406AB;
					};
					29EA805826209289000406AB = {
						CreatedOnToolsVersion = 12.3;
						TestTargetID = 29EA803726209270000406AB;
					};
				};
			};
			buildConfigurationList = 29EA803326209270000406AB /* Build configuration list for PBXProject "TP2_Groupe_1" */;
			compatibilityVersion = "Xcode 9.3";
			developmentRegion = en;
			hasScannedForEncodings = 0;
			knownRegions = (
				en,
				Base,
			);
			mainGroup = 29EA802F26209270000406AB;
			productRefGroup = 29EA803926209270000406AB /* Products */;
			projectDirPath = "";
			projectRoot = "";
			targets = (
				29EA803726209270000406AB /* TP2_Groupe_1 */,
				29EA804D26209289000406AB /* TP2_Groupe_1Tests */,
				29EA805826209289000406AB /* TP2_Groupe_1UITests */,
			);
		};
/* End PBXProject section */

/* Begin PBXResourcesBuildPhase section */
		29EA803626209270000406AB /* Resources */ = {
			isa = PBXResourcesBuildPhase;
			buildActionMask = 2147483647;
			files = (
				29EA804826209289000406AB /* LaunchScreen.storyboard in Resources */,
				29EA804526209289000406AB /* Assets.xcassets in Resources */,
				29EA804326209270000406AB /* Main.storyboard in Resources */,
			);
			runOnlyForDeploymentPostprocessing = 0;
		};
		29EA804C26209289000406AB /* Resources */ = {
			isa = PBXResourcesBuildPhase;
			buildActionMask = 2147483647;
			files = (
			);
			runOnlyForDeploymentPostprocessing = 0;
		};
		29EA805726209289000406AB /* Resources */ = {
			isa = PBXResourcesBuildPhase;
			buildActionMask = 2147483647;
			files = (
			);
			runOnlyForDeploymentPostprocessing = 0;
		};
/* End PBXResourcesBuildPhase section */

/* Begin PBXSourcesBuildPhase section */
		29EA803426209270000406AB /* Sources */ = {
			isa = PBXSourcesBuildPhase;
			buildActionMask = 2147483647;
			files = (
				29EA8072262096F6000406AB /* CountriesTableViewController.swift in Sources */,
				29EA804026209270000406AB /* ViewController.swift in Sources */,
				29EA803C26209270000406AB /* AppDelegate.swift in Sources */,
				29EA80782620A42B000406AB /* Country.swift in Sources */,
				29EA80812620A4BB000406AB /* Countries.swift in Sources */,
				29EA803E26209270000406AB /* SceneDelegate.swift in Sources */,
			);
			runOnlyForDeploymentPostprocessing = 0;
		};
		29EA804A26209289000406AB /* Sources */ = {
			isa = PBXSourcesBuildPhase;
			buildActionMask = 2147483647;
			files = (
				29EA805326209289000406AB /* TP2_Groupe_1Tests.swift in Sources */,
			);
			runOnlyForDeploymentPostprocessing = 0;
		};
		29EA805526209289000406AB /* Sources */ = {
			isa = PBXSourcesBuildPhase;
			buildActionMask = 2147483647;
			files = (
				29EA805E26209289000406AB /* TP2_Groupe_1UITests.swift in Sources */,
			);
			runOnlyForDeploymentPostprocessing = 0;
		};
/* End PBXSourcesBuildPhase section */

/* Begin PBXTargetDependency section */
		29EA805026209289000406AB /* PBXTargetDependency */ = {
			isa = PBXTargetDependency;
			target = 29EA803726209270000406AB /* TP2_Groupe_1 */;
			targetProxy = 29EA804F26209289000406AB /* PBXContainerItemProxy */;
		};
		29EA805B26209289000406AB /* PBXTargetDependency */ = {
			isa = PBXTargetDependency;
			target = 29EA803726209270000406AB /* TP2_Groupe_1 */;
			targetProxy = 29EA805A26209289000406AB /* PBXContainerItemProxy */;
		};
/* End PBXTargetDependency section */

/* Begin PBXVariantGroup section */
		29EA804126209270000406AB /* Main.storyboard */ = {
			isa = PBXVariantGroup;
			children = (
				29EA804226209270000406AB /* Base */,
			);
			name = Main.storyboard;
			sourceTree = "<group>";
		};
		29EA804626209289000406AB /* LaunchScreen.storyboard */ = {
			isa = PBXVariantGroup;
			children = (
				29EA804726209289000406AB /* Base */,
			);
			name = LaunchScreen.storyboard;
			sourceTree = "<group>";
		};
/* End PBXVariantGroup section */

/* Begin XCBuildConfiguration section */
		29EA806026209289000406AB /* Debug */ = {
			isa = XCBuildConfiguration;
			buildSettings = {
				ALWAYS_SEARCH_USER_PATHS = NO;
				CLANG_ANALYZER_NONNULL = YES;
				CLANG_ANALYZER_NUMBER_OBJECT_CONVERSION = YES_AGGRESSIVE;
				CLANG_CXX_LANGUAGE_STANDARD = "gnu++14";
				CLANG_CXX_LIBRARY = "libc++";
				CLANG_ENABLE_MODULES = YES;
				CLANG_ENABLE_OBJC_ARC = YES;
				CLANG_ENABLE_OBJC_WEAK = YES;
				CLANG_WARN_BLOCK_CAPTURE_AUTORELEASING = YES;
				CLANG_WARN_BOOL_CONVERSION = YES;
				CLANG_WARN_COMMA = YES;
				CLANG_WARN_CONSTANT_CONVERSION = YES;
				CLANG_WARN_DEPRECATED_OBJC_IMPLEMENTATIONS = YES;
				CLANG_WARN_DIRECT_OBJC_ISA_USAGE = YES_ERROR;
				CLANG_WARN_DOCUMENTATION_COMMENTS = YES;
				CLANG_WARN_EMPTY_BODY = YES;
				CLANG_WARN_ENUM_CONVERSION = YES;
				CLANG_WARN_INFINITE_RECURSION = YES;
				CLANG_WARN_INT_CONVERSION = YES;
				CLANG_WARN_NON_LITERAL_NULL_CONVERSION = YES;
				CLANG_WARN_OBJC_IMPLICIT_RETAIN_SELF = YES;
				CLANG_WARN_OBJC_LITERAL_CONVERSION = YES;
				CLANG_WARN_OBJC_ROOT_CLASS = YES_ERROR;
				CLANG_WARN_QUOTED_INCLUDE_IN_FRAMEWORK_HEADER = YES;
				CLANG_WARN_RANGE_LOOP_ANALYSIS = YES;
				CLANG_WARN_STRICT_PROTOTYPES = YES;
				CLANG_WARN_SUSPICIOUS_MOVE = YES;
				CLANG_WARN_UNGUARDED_AVAILABILITY = YES_AGGRESSIVE;
				CLANG_WARN_UNREACHABLE_CODE = YES;
				CLANG_WARN__DUPLICATE_METHOD_MATCH = YES;
				COPY_PHASE_STRIP = NO;
				DEBUG_INFORMATION_FORMAT = dwarf;
				ENABLE_STRICT_OBJC_MSGSEND = YES;
				ENABLE_TESTABILITY = YES;
				GCC_C_LANGUAGE_STANDARD = gnu11;
				GCC_DYNAMIC_NO_PIC = NO;
				GCC_NO_COMMON_BLOCKS = YES;
				GCC_OPTIMIZATION_LEVEL = 0;
				GCC_PREPROCESSOR_DEFINITIONS = (
					"DEBUG=1",
					"$(inherited)",
				);
				GCC_WARN_64_TO_32_BIT_CONVERSION = YES;
				GCC_WARN_ABOUT_RETURN_TYPE = YES_ERROR;
				GCC_WARN_UNDECLARED_SELECTOR = YES;
				GCC_WARN_UNINITIALIZED_AUTOS = YES_AGGRESSIVE;
				GCC_WARN_UNUSED_FUNCTION = YES;
				GCC_WARN_UNUSED_VARIABLE = YES;
				IPHONEOS_DEPLOYMENT_TARGET = 14.3;
				MTL_ENABLE_DEBUG_INFO = INCLUDE_SOURCE;
				MTL_FAST_MATH = YES;
				ONLY_ACTIVE_ARCH = YES;
				SDKROOT = iphoneos;
				SWIFT_ACTIVE_COMPILATION_CONDITIONS = DEBUG;
				SWIFT_OPTIMIZATION_LEVEL = "-Onone";
			};
			name = Debug;
		};
		29EA806126209289000406AB /* Release */ = {
			isa = XCBuildConfiguration;
			buildSettings = {
				ALWAYS_SEARCH_USER_PATHS = NO;
				CLANG_ANALYZER_NONNULL = YES;
				CLANG_ANALYZER_NUMBER_OBJECT_CONVERSION = YES_AGGRESSIVE;
				CLANG_CXX_LANGUAGE_STANDARD = "gnu++14";
				CLANG_CXX_LIBRARY = "libc++";
				CLANG_ENABLE_MODULES = YES;
				CLANG_ENABLE_OBJC_ARC = YES;
				CLANG_ENABLE_OBJC_WEAK = YES;
				CLANG_WARN_BLOCK_CAPTURE_AUTORELEASING = YES;
				CLANG_WARN_BOOL_CONVERSION = YES;
				CLANG_WARN_COMMA = YES;
				CLANG_WARN_CONSTANT_CONVERSION = YES;
				CLANG_WARN_DEPRECATED_OBJC_IMPLEMENTATIONS = YES;
				CLANG_WARN_DIRECT_OBJC_ISA_USAGE = YES_ERROR;
				CLANG_WARN_DOCUMENTATION_COMMENTS = YES;
				CLANG_WARN_EMPTY_BODY = YES;
				CLANG_WARN_ENUM_CONVERSION = YES;
				CLANG_WARN_INFINITE_RECURSION = YES;
				CLANG_WARN_INT_CONVERSION = YES;
				CLANG_WARN_NON_LITERAL_NULL_CONVERSION = YES;
				CLANG_WARN_OBJC_IMPLICIT_RETAIN_SELF = YES;
				CLANG_WARN_OBJC_LITERAL_CONVERSION = YES;
				CLANG_WARN_OBJC_ROOT_CLASS = YES_ERROR;
				CLANG_WARN_QUOTED_INCLUDE_IN_FRAMEWORK_HEADER = YES;
				CLANG_WARN_RANGE_LOOP_ANALYSIS = YES;
				CLANG_WARN_STRICT_PROTOTYPES = YES;
				CLANG_WARN_SUSPICIOUS_MOVE = YES;
				CLANG_WARN_UNGUARDED_AVAILABILITY = YES_AGGRESSIVE;
				CLANG_WARN_UNREACHABLE_CODE = YES;
				CLANG_WARN__DUPLICATE_METHOD_MATCH = YES;
				COPY_PHASE_STRIP = NO;
				DEBUG_INFORMATION_FORMAT = "dwarf-with-dsym";
				ENABLE_NS_ASSERTIONS = NO;
				ENABLE_STRICT_OBJC_MSGSEND = YES;
				GCC_C_LANGUAGE_STANDARD = gnu11;
				GCC_NO_COMMON_BLOCKS = YES;
				GCC_WARN_64_TO_32_BIT_CONVERSION = YES;
				GCC_WARN_ABOUT_RETURN_TYPE = YES_ERROR;
				GCC_WARN_UNDECLARED_SELECTOR = YES;
				GCC_WARN_UNINITIALIZED_AUTOS = YES_AGGRESSIVE;
				GCC_WARN_UNUSED_FUNCTION = YES;
				GCC_WARN_UNUSED_VARIABLE = YES;
				IPHONEOS_DEPLOYMENT_TARGET = 14.3;
				MTL_ENABLE_DEBUG_INFO = NO;
				MTL_FAST_MATH = YES;
				SDKROOT = iphoneos;
				SWIFT_COMPILATION_MODE = wholemodule;
				SWIFT_OPTIMIZATION_LEVEL = "-O";
				VALIDATE_PRODUCT = YES;
			};
			name = Release;
		};
		29EA806326209289000406AB /* Debug */ = {
			isa = XCBuildConfiguration;
			buildSettings = {
				ASSETCATALOG_COMPILER_APPICON_NAME = AppIcon;
				ASSETCATALOG_COMPILER_GLOBAL_ACCENT_COLOR_NAME = AccentColor;
				CODE_SIGN_STYLE = Automatic;
				INFOPLIST_FILE = TP2_Groupe_1/Info.plist;
				LD_RUNPATH_SEARCH_PATHS = (
					"$(inherited)",
					"@executable_path/Frameworks",
				);
				PRODUCT_BUNDLE_IDENTIFIER = "com.mbds.ht.TP2-Groupe-1";
				PRODUCT_NAME = "$(TARGET_NAME)";
				SWIFT_VERSION = 5.0;
				TARGETED_DEVICE_FAMILY = 1;
			};
			name = Debug;
		};
		29EA806426209289000406AB /* Release */ = {
			isa = XCBuildConfiguration;
			buildSettings = {
				ASSETCATALOG_COMPILER_APPICON_NAME = AppIcon;
				ASSETCATALOG_COMPILER_GLOBAL_ACCENT_COLOR_NAME = AccentColor;
				CODE_SIGN_STYLE = Automatic;
				INFOPLIST_FILE = TP2_Groupe_1/Info.plist;
				LD_RUNPATH_SEARCH_PATHS = (
					"$(inherited)",
					"@executable_path/Frameworks",
				);
				PRODUCT_BUNDLE_IDENTIFIER = "com.mbds.ht.TP2-Groupe-1";
				PRODUCT_NAME = "$(TARGET_NAME)";
				SWIFT_VERSION = 5.0;
				TARGETED_DEVICE_FAMILY = 1;
			};
			name = Release;
		};
		29EA806626209289000406AB /* Debug */ = {
			isa = XCBuildConfiguration;
			buildSettings = {
				ALWAYS_EMBED_SWIFT_STANDARD_LIBRARIES = YES;
				BUNDLE_LOADER = "$(TEST_HOST)";
				CODE_SIGN_STYLE = Automatic;
				INFOPLIST_FILE = TP2_Groupe_1Tests/Info.plist;
				IPHONEOS_DEPLOYMENT_TARGET = 14.3;
				LD_RUNPATH_SEARCH_PATHS = (
					"$(inherited)",
					"@executable_path/Frameworks",
					"@loader_path/Frameworks",
				);
				PRODUCT_BUNDLE_IDENTIFIER = "com.mbds.ht.TP2-Groupe-1Tests";
				PRODUCT_NAME = "$(TARGET_NAME)";
				SWIFT_VERSION = 5.0;
				TARGETED_DEVICE_FAMILY = "1,2";
				TEST_HOST = "$(BUILT_PRODUCTS_DIR)/TP2_Groupe_1.app/TP2_Groupe_1";
			};
			name = Debug;
		};
		29EA806726209289000406AB /* Release */ = {
			isa = XCBuildConfiguration;
			buildSettings = {
				ALWAYS_EMBED_SWIFT_STANDARD_LIBRARIES = YES;
				BUNDLE_LOADER = "$(TEST_HOST)";
				CODE_SIGN_STYLE = Automatic;
				INFOPLIST_FILE = TP2_Groupe_1Tests/Info.plist;
				IPHONEOS_DEPLOYMENT_TARGET = 14.3;
				LD_RUNPATH_SEARCH_PATHS = (
					"$(inherited)",
					"@executable_path/Frameworks",
					"@loader_path/Frameworks",
				);
				PRODUCT_BUNDLE_IDENTIFIER = "com.mbds.ht.TP2-Groupe-1Tests";
				PRODUCT_NAME = "$(TARGET_NAME)";
				SWIFT_VERSION = 5.0;
				TARGETED_DEVICE_FAMILY = "1,2";
				TEST_HOST = "$(BUILT_PRODUCTS_DIR)/TP2_Groupe_1.app/TP2_Groupe_1";
			};
			name = Release;
		};
		29EA806926209289000406AB /* Debug */ = {
			isa = XCBuildConfiguration;
			buildSettings = {
				ALWAYS_EMBED_SWIFT_STANDARD_LIBRARIES = YES;
				CODE_SIGN_STYLE = Automatic;
				INFOPLIST_FILE = TP2_Groupe_1UITests/Info.plist;
				LD_RUNPATH_SEARCH_PATHS = (
					"$(inherited)",
					"@executable_path/Frameworks",
					"@loader_path/Frameworks",
				);
				PRODUCT_BUNDLE_IDENTIFIER = "com.mbds.ht.TP2-Groupe-1UITests";
				PRODUCT_NAME = "$(TARGET_NAME)";
				SWIFT_VERSION = 5.0;
				TARGETED_DEVICE_FAMILY = "1,2";
				TEST_TARGET_NAME = TP2_Groupe_1;
			};
			name = Debug;
		};
		29EA806A26209289000406AB /* Release */ = {
			isa = XCBuildConfiguration;
			buildSettings = {
				ALWAYS_EMBED_SWIFT_STANDARD_LIBRARIES = YES;
				CODE_SIGN_STYLE = Automatic;
				INFOPLIST_FILE = TP2_Groupe_1UITests/Info.plist;
				LD_RUNPATH_SEARCH_PATHS = (
					"$(inherited)",
					"@executable_path/Frameworks",
					"@loader_path/Frameworks",
				);
				PRODUCT_BUNDLE_IDENTIFIER = "com.mbds.ht.TP2-Groupe-1UITests";
				PRODUCT_NAME = "$(TARGET_NAME)";
				SWIFT_VERSION = 5.0;
				TARGETED_DEVICE_FAMILY = "1,2";
				TEST_TARGET_NAME = TP2_Groupe_1;
			};
			name = Release;
		};
/* End XCBuildConfiguration section */

/* Begin XCConfigurationList section */
		29EA803326209270000406AB /* Build configuration list for PBXProject "TP2_Groupe_1" */ = {
			isa = XCConfigurationList;
			buildConfigurations = (
				29EA806026209289000406AB /* Debug */,
				29EA806126209289000406AB /* Release */,
			);
			defaultConfigurationIsVisible = 0;
			defaultConfigurationName = Release;
		};
		29EA806226209289000406AB /* Build configuration list for PBXNativeTarget "TP2_Groupe_1" */ = {
			isa = XCConfigurationList;
			buildConfigurations = (
				29EA806326209289000406AB /* Debug */,
				29EA806426209289000406AB /* Release */,
			);
			defaultConfigurationIsVisible = 0;
			defaultConfigurationName = Release;
		};
		29EA806526209289000406AB /* Build configuration list for PBXNativeTarget "TP2_Groupe_1Tests" */ = {
			isa = XCConfigurationList;
			buildConfigurations = (
				29EA806626209289000406AB /* Debug */,
				29EA806726209289000406AB /* Release */,
			);
			defaultConfigurationIsVisible = 0;
			defaultConfigurationName = Release;
		};
		29EA806826209289000406AB /* Build configuration list for PBXNativeTarget "TP2_Groupe_1UITests" */ = {
			isa = XCConfigurationList;
			buildConfigurations = (
				29EA806926209289000406AB /* Debug */,
				29EA806A26209289000406AB /* Release */,
			);
			defaultConfigurationIsVisible = 0;
			defaultConfigurationName = Release;
		};
/* End XCConfigurationList section */
	};
	rootObject = 29EA803026209270000406AB /* Project object */;
}
